// !$*UTF8*$!
{
	archiveVersion = 1;
	classes = {
	};
	objectVersion = 46;
	objects = {

/* Begin PBXBuildFile section */
		83DEBDEB1C96857300A0B202 /* AppDelegate.swift in Sources */ = {isa = PBXBuildFile; fileRef = 83DEBDEA1C96857300A0B202 /* AppDelegate.swift */; };
		83DEBDED1C96857300A0B202 /* ViewController.swift in Sources */ = {isa = PBXBuildFile; fileRef = 83DEBDEC1C96857300A0B202 /* ViewController.swift */; };
		83DEBDF01C96857300A0B202 /* Main.storyboard in Resources */ = {isa = PBXBuildFile; fileRef = 83DEBDEE1C96857300A0B202 /* Main.storyboard */; };
		83DEBDF21C96857300A0B202 /* Assets.xcassets in Resources */ = {isa = PBXBuildFile; fileRef = 83DEBDF11C96857300A0B202 /* Assets.xcassets */; };
		83DEBDF51C96857300A0B202 /* LaunchScreen.storyboard in Resources */ = {isa = PBXBuildFile; fileRef = 83DEBDF31C96857300A0B202 /* LaunchScreen.storyboard */; };
		83DEBE001C96857300A0B202 /* RTH2Tests.swift in Sources */ = {isa = PBXBuildFile; fileRef = 83DEBDFF1C96857300A0B202 /* RTH2Tests.swift */; };
		83DEBE0B1C96857300A0B202 /* RTH2UITests.swift in Sources */ = {isa = PBXBuildFile; fileRef = 83DEBE0A1C96857300A0B202 /* RTH2UITests.swift */; };
/* End PBXBuildFile section */

/* Begin PBXContainerItemProxy section */
		83DEBDFC1C96857300A0B202 /* PBXContainerItemProxy */ = {
			isa = PBXContainerItemProxy;
			containerPortal = 83DEBDDF1C96857300A0B202 /* Project object */;
			proxyType = 1;
			remoteGlobalIDString = 83DEBDE61C96857300A0B202;
			remoteInfo = RTH2;
		};
		83DEBE071C96857300A0B202 /* PBXContainerItemProxy */ = {
			isa = PBXContainerItemProxy;
			containerPortal = 83DEBDDF1C96857300A0B202 /* Project object */;
			proxyType = 1;
			remoteGlobalIDString = 83DEBDE61C96857300A0B202;
			remoteInfo = RTH2;
		};
/* End PBXContainerItemProxy section */

/* Begin PBXFileReference section */
		83DEBDE71C96857300A0B202 /* RTH2.app */ = {isa = PBXFileReference; explicitFileType = wrapper.application; includeInIndex = 0; path = RTH2.app; sourceTree = BUILT_PRODUCTS_DIR; };
		83DEBDEA1C96857300A0B202 /* AppDelegate.swift */ = {isa = PBXFileReference; lastKnownFileType = sourcecode.swift; path = AppDelegate.swift; sourceTree = "<group>"; };
		83DEBDEC1C96857300A0B202 /* ViewController.swift */ = {isa = PBXFileReference; lastKnownFileType = sourcecode.swift; path = ViewController.swift; sourceTree = "<group>"; };
		83DEBDEF1C96857300A0B202 /* Base */ = {isa = PBXFileReference; lastKnownFileType = file.storyboard; name = Base; path = Base.lproj/Main.storyboard; sourceTree = "<group>"; };
		83DEBDF11C96857300A0B202 /* Assets.xcassets */ = {isa = PBXFileReference; lastKnownFileType = folder.assetcatalog; path = Assets.xcassets; sourceTree = "<group>"; };
		83DEBDF41C96857300A0B202 /* Base */ = {isa = PBXFileReference; lastKnownFileType = file.storyboard; name = Base; path = Base.lproj/LaunchScreen.storyboard; sourceTree = "<group>"; };
		83DEBDF61C96857300A0B202 /* Info.plist */ = {isa = PBXFileReference; lastKnownFileType = text.plist.xml; path = Info.plist; sourceTree = "<group>"; };
		83DEBDFB1C96857300A0B202 /* RTH2Tests.xctest */ = {isa = PBXFileReference; explicitFileType = wrapper.cfbundle; includeInIndex = 0; path = RTH2Tests.xctest; sourceTree = BUILT_PRODUCTS_DIR; };
		83DEBDFF1C96857300A0B202 /* RTH2Tests.swift */ = {isa = PBXFileReference; lastKnownFileType = sourcecode.swift; path = RTH2Tests.swift; sourceTree = "<group>"; };
		83DEBE011C96857300A0B202 /* Info.plist */ = {isa = PBXFileReference; lastKnownFileType = text.plist.xml; path = Info.plist; sourceTree = "<group>"; };
		83DEBE061C96857300A0B202 /* RTH2UITests.xctest */ = {isa = PBXFileReference; explicitFileType = wrapper.cfbundle; includeInIndex = 0; path = RTH2UITests.xctest; sourceTree = BUILT_PRODUCTS_DIR; };
		83DEBE0A1C96857300A0B202 /* RTH2UITests.swift */ = {isa = PBXFileReference; lastKnownFileType = sourcecode.swift; path = RTH2UITests.swift; sourceTree = "<group>"; };
		83DEBE0C1C96857300A0B202 /* Info.plist */ = {isa = PBXFileReference; lastKnownFileType = text.plist.xml; path = Info.plist; sourceTree = "<group>"; };
/* End PBXFileReference section */

/* Begin PBXFrameworksBuildPhase section */
		83DEBDE41C96857300A0B202 /* Frameworks */ = {
			isa = PBXFrameworksBuildPhase;
			buildActionMask = 2147483647;
			files = (
			);
			runOnlyForDeploymentPostprocessing = 0;
		};
		83DEBDF81C96857300A0B202 /* Frameworks */ = {
			isa = PBXFrameworksBuildPhase;
			buildActionMask = 2147483647;
			files = (
			);
			runOnlyForDeploymentPostprocessing = 0;
		};
		83DEBE031C96857300A0B202 /* Frameworks */ = {
			isa = PBXFrameworksBuildPhase;
			buildActionMask = 2147483647;
			files = (
			);
			runOnlyForDeploymentPostprocessing = 0;
		};
/* End PBXFrameworksBuildPhase section */

/* Begin PBXGroup section */
		83DEBDDE1C96857300A0B202 = {
			isa = PBXGroup;
			children = (
				83DEBDE91C96857300A0B202 /* RTH2 */,
				83DEBDFE1C96857300A0B202 /* RTH2Tests */,
				83DEBE091C96857300A0B202 /* RTH2UITests */,
				83DEBDE81C96857300A0B202 /* Products */,
			);
			sourceTree = "<group>";
		};
		83DEBDE81C96857300A0B202 /* Products */ = {
			isa = PBXGroup;
			children = (
				83DEBDE71C96857300A0B202 /* RTH2.app */,
				83DEBDFB1C96857300A0B202 /* RTH2Tests.xctest */,
				83DEBE061C96857300A0B202 /* RTH2UITests.xctest */,
			);
			name = Products;
			sourceTree = "<group>";
		};
		83DEBDE91C96857300A0B202 /* RTH2 */ = {
			isa = PBXGroup;
			children = (
				83DEBDEA1C96857300A0B202 /* AppDelegate.swift */,
				83DEBDEC1C96857300A0B202 /* ViewController.swift */,
				83DEBDEE1C96857300A0B202 /* Main.storyboard */,
				83DEBDF11C96857300A0B202 /* Assets.xcassets */,
				83DEBDF31C96857300A0B202 /* LaunchScreen.storyboard */,
				83DEBDF61C96857300A0B202 /* Info.plist */,
			);
			path = RTH2;
			sourceTree = "<group>";
		};
		83DEBDFE1C96857300A0B202 /* RTH2Tests */ = {
			isa = PBXGroup;
			children = (
				83DEBDFF1C96857300A0B202 /* RTH2Tests.swift */,
				83DEBE011C96857300A0B202 /* Info.plist */,
			);
			path = RTH2Tests;
			sourceTree = "<group>";
		};
		83DEBE091C96857300A0B202 /* RTH2UITests */ = {
			isa = PBXGroup;
			children = (
				83DEBE0A1C96857300A0B202 /* RTH2UITests.swift */,
				83DEBE0C1C96857300A0B202 /* Info.plist */,
			);
			path = RTH2UITests;
			sourceTree = "<group>";
		};
/* End PBXGroup section */

/* Begin PBXNativeTarget section */
		83DEBDE61C96857300A0B202 /* RTH2 */ = {
			isa = PBXNativeTarget;
			buildConfigurationList = 83DEBE0F1C96857300A0B202 /* Build configuration list for PBXNativeTarget "RTH2" */;
			buildPhases = (
				83DEBDE31C96857300A0B202 /* Sources */,
				83DEBDE41C96857300A0B202 /* Frameworks */,
				83DEBDE51C96857300A0B202 /* Resources */,
			);
			buildRules = (
			);
			dependencies = (
			);
			name = RTH2;
			productName = RTH2;
			productReference = 83DEBDE71C96857300A0B202 /* RTH2.app */;
			productType = "com.apple.product-type.application";
		};
		83DEBDFA1C96857300A0B202 /* RTH2Tests */ = {
			isa = PBXNativeTarget;
			buildConfigurationList = 83DEBE121C96857300A0B202 /* Build configuration list for PBXNativeTarget "RTH2Tests" */;
			buildPhases = (
				83DEBDF71C96857300A0B202 /* Sources */,
				83DEBDF81C96857300A0B202 /* Frameworks */,
				83DEBDF91C96857300A0B202 /* Resources */,
			);
			buildRules = (
			);
			dependencies = (
				83DEBDFD1C96857300A0B202 /* PBXTargetDependency */,
			);
			name = RTH2Tests;
			productName = RTH2Tests;
			productReference = 83DEBDFB1C96857300A0B202 /* RTH2Tests.xctest */;
			productType = "com.apple.product-type.bundle.unit-test";
		};
		83DEBE051C96857300A0B202 /* RTH2UITests */ = {
			isa = PBXNativeTarget;
			buildConfigurationList = 83DEBE151C96857300A0B202 /* Build configuration list for PBXNativeTarget "RTH2UITests" */;
			buildPhases = (
				83DEBE021C96857300A0B202 /* Sources */,
				83DEBE031C96857300A0B202 /* Frameworks */,
				83DEBE041C96857300A0B202 /* Resources */,
			);
			buildRules = (
			);
			dependencies = (
				83DEBE081C96857300A0B202 /* PBXTargetDependency */,
			);
			name = RTH2UITests;
			productName = RTH2UITests;
			productReference = 83DEBE061C96857300A0B202 /* RTH2UITests.xctest */;
			productType = "com.apple.product-type.bundle.ui-testing";
		};
/* End PBXNativeTarget section */

/* Begin PBXProject section */
		83DEBDDF1C96857300A0B202 /* Project object */ = {
			isa = PBXProject;
			attributes = {
				LastSwiftUpdateCheck = 0710;
				LastUpgradeCheck = 0710;
				ORGANIZATIONNAME = "Justin D Toney";
				TargetAttributes = {
					83DEBDE61C96857300A0B202 = {
						CreatedOnToolsVersion = 7.1;
					};
					83DEBDFA1C96857300A0B202 = {
						CreatedOnToolsVersion = 7.1;
						TestTargetID = 83DEBDE61C96857300A0B202;
					};
					83DEBE051C96857300A0B202 = {
						CreatedOnToolsVersion = 7.1;
						TestTargetID = 83DEBDE61C96857300A0B202;
					};
				};
			};
			buildConfigurationList = 83DEBDE21C96857300A0B202 /* Build configuration list for PBXProject "RTH2" */;
			compatibilityVersion = "Xcode 3.2";
			developmentRegion = English;
			hasScannedForEncodings = 0;
			knownRegions = (
				en,
				Base,
			);
			mainGroup = 83DEBDDE1C96857300A0B202;
			productRefGroup = 83DEBDE81C96857300A0B202 /* Products */;
			projectDirPath = "";
			projectRoot = "";
			targets = (
				83DEBDE61C96857300A0B202 /* RTH2 */,
				83DEBDFA1C96857300A0B202 /* RTH2Tests */,
				83DEBE051C96857300A0B202 /* RTH2UITests */,
			);
		};
/* End PBXProject section */

/* Begin PBXResourcesBuildPhase section */
		83DEBDE51C96857300A0B202 /* Resources */ = {
			isa = PBXResourcesBuildPhase;
			buildActionMask = 2147483647;
			files = (
				83DEBDF51C96857300A0B202 /* LaunchScreen.storyboard in Resources */,
				83DEBDF21C96857300A0B202 /* Assets.xcassets in Resources */,
				83DEBDF01C96857300A0B202 /* Main.storyboard in Resources */,
			);
			runOnlyForDeploymentPostprocessing = 0;
		};
		83DEBDF91C96857300A0B202 /* Resources */ = {
			isa = PBXResourcesBuildPhase;
			buildActionMask = 2147483647;
			files = (
			);
			runOnlyForDeploymentPostprocessing = 0;
		};
		83DEBE041C96857300A0B202 /* Resources */ = {
			isa = PBXResourcesBuildPhase;
			buildActionMask = 2147483647;
			files = (
			);
			runOnlyForDeploymentPostprocessing = 0;
		};
/* End PBXResourcesBuildPhase section */

/* Begin PBXSourcesBuildPhase section */
		83DEBDE31C96857300A0B202 /* Sources */ = {
			isa = PBXSourcesBuildPhase;
			buildActionMask = 2147483647;
			files = (
				83DEBDED1C96857300A0B202 /* ViewController.swift in Sources */,
				83DEBDEB1C96857300A0B202 /* AppDelegate.swift in Sources */,
			);
			runOnlyForDeploymentPostprocessing = 0;
		};
		83DEBDF71C96857300A0B202 /* Sources */ = {
			isa = PBXSourcesBuildPhase;
			buildActionMask = 2147483647;
			files = (
				83DEBE001C96857300A0B202 /* RTH2Tests.swift in Sources */,
			);
			runOnlyForDeploymentPostprocessing = 0;
		};
		83DEBE021C96857300A0B202 /* Sources */ = {
			isa = PBXSourcesBuildPhase;
			buildActionMask = 2147483647;
			files = (
				83DEBE0B1C96857300A0B202 /* RTH2UITests.swift in Sources */,
			);
			runOnlyForDeploymentPostprocessing = 0;
		};
/* End PBXSourcesBuildPhase section */

/* Begin PBXTargetDependency section */
		83DEBDFD1C96857300A0B202 /* PBXTargetDependency */ = {
			isa = PBXTargetDependency;
			target = 83DEBDE61C96857300A0B202 /* RTH2 */;
			targetProxy = 83DEBDFC1C96857300A0B202 /* PBXContainerItemProxy */;
		};
		83DEBE081C96857300A0B202 /* PBXTargetDependency */ = {
			isa = PBXTargetDependency;
			target = 83DEBDE61C96857300A0B202 /* RTH2 */;
			targetProxy = 83DEBE071C96857300A0B202 /* PBXContainerItemProxy */;
		};
/* End PBXTargetDependency section */

/* Begin PBXVariantGroup section */
		83DEBDEE1C96857300A0B202 /* Main.storyboard */ = {
			isa = PBXVariantGroup;
			children = (
				83DEBDEF1C96857300A0B202 /* Base */,
			);
			name = Main.storyboard;
			sourceTree = "<group>";
		};
		83DEBDF31C96857300A0B202 /* LaunchScreen.storyboard */ = {
			isa = PBXVariantGroup;
			children = (
				83DEBDF41C96857300A0B202 /* Base */,
			);
			name = LaunchScreen.storyboard;
			sourceTree = "<group>";
		};
/* End PBXVariantGroup section */

/* Begin XCBuildConfiguration section */
		83DEBE0D1C96857300A0B202 /* Debug */ = {
			isa = XCBuildConfiguration;
			buildSettings = {
				ALWAYS_SEARCH_USER_PATHS = NO;
				CLANG_CXX_LANGUAGE_STANDARD = "gnu++0x";
				CLANG_CXX_LIBRARY = "libc++";
				CLANG_ENABLE_MODULES = YES;
				CLANG_ENABLE_OBJC_ARC = YES;
				CLANG_WARN_BOOL_CONVERSION = YES;
				CLANG_WARN_CONSTANT_CONVERSION = YES;
				CLANG_WARN_DIRECT_OBJC_ISA_USAGE = YES_ERROR;
				CLANG_WARN_EMPTY_BODY = YES;
				CLANG_WARN_ENUM_CONVERSION = YES;
				CLANG_WARN_INT_CONVERSION = YES;
				CLANG_WARN_OBJC_ROOT_CLASS = YES_ERROR;
				CLANG_WARN_UNREACHABLE_CODE = YES;
				CLANG_WARN__DUPLICATE_METHOD_MATCH = YES;
				"CODE_SIGN_IDENTITY[sdk=iphoneos*]" = "iPhone Developer";
				COPY_PHASE_STRIP = NO;
				DEBUG_INFORMATION_FORMAT = dwarf;
				ENABLE_STRICT_OBJC_MSGSEND = YES;
				ENABLE_TESTABILITY = YES;
				GCC_C_LANGUAGE_STANDARD = gnu99;
				GCC_DYNAMIC_NO_PIC = NO;
				GCC_NO_COMMON_BLOCKS = YES;
				GCC_OPTIMIZATION_LEVEL = 0;
				GCC_PREPROCESSOR_DEFINITIONS = (
					"DEBUG=1",
					"$(inherited)",
				);
				GCC_WARN_64_TO_32_BIT_CONVERSION = YES;
				GCC_WARN_ABOUT_RETURN_TYPE = YES_ERROR;
				GCC_WARN_UNDECLARED_SELECTOR = YES;
				GCC_WARN_UNINITIALIZED_AUTOS = YES_AGGRESSIVE;
				GCC_WARN_UNUSED_FUNCTION = YES;
				GCC_WARN_UNUSED_VARIABLE = YES;
				IPHONEOS_DEPLOYMENT_TARGET = 9.1;
				MTL_ENABLE_DEBUG_INFO = YES;
				ONLY_ACTIVE_ARCH = YES;
				SDKROOT = iphoneos;
				SWIFT_OPTIMIZATION_LEVEL = "-Onone";
			};
			name = Debug;
		};
		83DEBE0E1C96857300A0B202 /* Release */ = {
			isa = XCBuildConfiguration;
			buildSettings = {
				ALWAYS_SEARCH_USER_PATHS = NO;
				CLANG_CXX_LANGUAGE_STANDARD = "gnu++0x";
				CLANG_CXX_LIBRARY = "libc++";
				CLANG_ENABLE_MODULES = YES;
				CLANG_ENABLE_OBJC_ARC = YES;
				CLANG_WARN_BOOL_CONVERSION = YES;
				CLANG_WARN_CONSTANT_CONVERSION = YES;
				CLANG_WARN_DIRECT_OBJC_ISA_USAGE = YES_ERROR;
				CLANG_WARN_EMPTY_BODY = YES;
				CLANG_WARN_ENUM_CONVERSION = YES;
				CLANG_WARN_INT_CONVERSION = YES;
				CLANG_WARN_OBJC_ROOT_CLASS = YES_ERROR;
				CLANG_WARN_UNREACHABLE_CODE = YES;
				CLANG_WARN__DUPLICATE_METHOD_MATCH = YES;
				"CODE_SIGN_IDENTITY[sdk=iphoneos*]" = "iPhone Developer";
				COPY_PHASE_STRIP = NO;
				DEBUG_INFORMATION_FORMAT = "dwarf-with-dsym";
				ENABLE_NS_ASSERTIONS = NO;
				ENABLE_STRICT_OBJC_MSGSEND = YES;
				GCC_C_LANGUAGE_STANDARD = gnu99;
				GCC_NO_COMMON_BLOCKS = YES;
				GCC_WARN_64_TO_32_BIT_CONVERSION = YES;
				GCC_WARN_ABOUT_RETURN_TYPE = YES_ERROR;
				GCC_WARN_UNDECLARED_SELECTOR = YES;
				GCC_WARN_UNINITIALIZED_AUTOS = YES_AGGRESSIVE;
				GCC_WARN_UNUSED_FUNCTION = YES;
				GCC_WARN_UNUSED_VARIABLE = YES;
				IPHONEOS_DEPLOYMENT_TARGET = 9.1;
				MTL_ENABLE_DEBUG_INFO = NO;
				SDKROOT = iphoneos;
				VALIDATE_PRODUCT = YES;
			};
			name = Release;
		};
		83DEBE101C96857300A0B202 /* Debug */ = {
			isa = XCBuildConfiguration;
			buildSettings = {
				ASSETCATALOG_COMPILER_APPICON_NAME = AppIcon;
				INFOPLIST_FILE = RTH2/Info.plist;
				LD_RUNPATH_SEARCH_PATHS = "$(inherited) @executable_path/Frameworks";
				PRODUCT_BUNDLE_IDENTIFIER = TDE.RTH2;
				PRODUCT_NAME = "$(TARGET_NAME)";
			};
			name = Debug;
		};
		83DEBE111C96857300A0B202 /* Release */ = {
			isa = XCBuildConfiguration;
			buildSettings = {
				ASSETCATALOG_COMPILER_APPICON_NAME = AppIcon;
				INFOPLIST_FILE = RTH2/Info.plist;
				LD_RUNPATH_SEARCH_PATHS = "$(inherited) @executable_path/Frameworks";
				PRODUCT_BUNDLE_IDENTIFIER = TDE.RTH2;
				PRODUCT_NAME = "$(TARGET_NAME)";
			};
			name = Release;
		};
		83DEBE131C96857300A0B202 /* Debug */ = {
			isa = XCBuildConfiguration;
			buildSettings = {
				BUNDLE_LOADER = "$(TEST_HOST)";
				INFOPLIST_FILE = RTH2Tests/Info.plist;
				LD_RUNPATH_SEARCH_PATHS = "$(inherited) @executable_path/Frameworks @loader_path/Frameworks";
				PRODUCT_BUNDLE_IDENTIFIER = TDE.RTH2Tests;
				PRODUCT_NAME = "$(TARGET_NAME)";
				TEST_HOST = "$(BUILT_PRODUCTS_DIR)/RTH2.app/RTH2";
			};
			name = Debug;
		};
		83DEBE141C96857300A0B202 /* Release */ = {
			isa = XCBuildConfiguration;
			buildSettings = {
				BUNDLE_LOADER = "$(TEST_HOST)";
				INFOPLIST_FILE = RTH2Tests/Info.plist;
				LD_RUNPATH_SEARCH_PATHS = "$(inherited) @executable_path/Frameworks @loader_path/Frameworks";
				PRODUCT_BUNDLE_IDENTIFIER = TDE.RTH2Tests;
				PRODUCT_NAME = "$(TARGET_NAME)";
				TEST_HOST = "$(BUILT_PRODUCTS_DIR)/RTH2.app/RTH2";
			};
			name = Release;
		};
		83DEBE161C96857300A0B202 /* Debug */ = {
			isa = XCBuildConfiguration;
			buildSettings = {
				INFOPLIST_FILE = RTH2UITests/Info.plist;
				LD_RUNPATH_SEARCH_PATHS = "$(inherited) @executable_path/Frameworks @loader_path/Frameworks";
				PRODUCT_BUNDLE_IDENTIFIER = TDE.RTH2UITests;
				PRODUCT_NAME = "$(TARGET_NAME)";
				TEST_TARGET_NAME = RTH2;
				USES_XCTRUNNER = YES;
			};
			name = Debug;
		};
		83DEBE171C96857300A0B202 /* Release */ = {
			isa = XCBuildConfiguration;
			buildSettings = {
				INFOPLIST_FILE = RTH2UITests/Info.plist;
				LD_RUNPATH_SEARCH_PATHS = "$(inherited) @executable_path/Frameworks @loader_path/Frameworks";
				PRODUCT_BUNDLE_IDENTIFIER = TDE.RTH2UITests;
				PRODUCT_NAME = "$(TARGET_NAME)";
				TEST_TARGET_NAME = RTH2;
				USES_XCTRUNNER = YES;
			};
			name = Release;
		};
/* End XCBuildConfiguration section */

/* Begin XCConfigurationList section */
		83DEBDE21C96857300A0B202 /* Build configuration list for PBXProject "RTH2" */ = {
			isa = XCConfigurationList;
			buildConfigurations = (
				83DEBE0D1C96857300A0B202 /* Debug */,
				83DEBE0E1C96857300A0B202 /* Release */,
			);
			defaultConfigurationIsVisible = 0;
			defaultConfigurationName = Release;
		};
		83DEBE0F1C96857300A0B202 /* Build configuration list for PBXNativeTarget "RTH2" */ = {
			isa = XCConfigurationList;
			buildConfigurations = (
				83DEBE101C96857300A0B202 /* Debug */,
				83DEBE111C96857300A0B202 /* Release */,
			);
			defaultConfigurationIsVisible = 0;
		};
		83DEBE121C96857300A0B202 /* Build configuration list for PBXNativeTarget "RTH2Tests" */ = {
			isa = XCConfigurationList;
			buildConfigurations = (
				83DEBE131C96857300A0B202 /* Debug */,
				83DEBE141C96857300A0B202 /* Release */,
			);
			defaultConfigurationIsVisible = 0;
		};
		83DEBE151C96857300A0B202 /* Build configuration list for PBXNativeTarget "RTH2UITests" */ = {
			isa = XCConfigurationList;
			buildConfigurations = (
				83DEBE161C96857300A0B202 /* Debug */,
				83DEBE171C96857300A0B202 /* Release */,
			);
			defaultConfigurationIsVisible = 0;
		};
/* End XCConfigurationList section */
	};
	rootObject = 83DEBDDF1C96857300A0B202 /* Project object */;
}
